
Microsoft Visual Studio Solution File, Format Version 12.00
# Visual Studio Version 16
VisualStudioVersion = 16.0.31424.327
MinimumVisualStudioVersion = 10.0.40219.1
Project("{FAE04EC0-301F-11D3-BF4B-00C04F79EFBC}") = "App_project", "App_project.csproj", "{5EE2D4C4-60B0-405A-B577-E88A58CBB787}"
EndProject
Global
	GlobalSection(SolutionConfigurationPlatforms) = preSolution
		Debug|Any CPU = Debug|Any CPU
		Release|Any CPU = Release|Any CPU
	EndGlobalSection
	GlobalSection(ProjectConfigurationPlatforms) = postSolution
		{5EE2D4C4-60B0-405A-B577-E88A58CBB787}.Debug|Any CPU.ActiveCfg = Debug|Any CPU
		{5EE2D4C4-60B0-405A-B577-E88A58CBB787}.Debug|Any CPU.Build.0 = Debug|Any CPU
		{5EE2D4C4-60B0-405A-B577-E88A58CBB787}.Release|Any CPU.ActiveCfg = Release|Any CPU
		{5EE2D4C4-60B0-405A-B577-E88A58CBB787}.Release|Any CPU.Build.0 = Release|Any CPU
	EndGlobalSection
	GlobalSection(SolutionProperties) = preSolution
		HideSolutionNode = FALSE
	EndGlobalSection
	GlobalSection(ExtensibilityGlobals) = postSolution
		SolutionGuid = {826B8747-F00C-42F1-95A2-E2521C09763F}
	EndGlobalSection
EndGlobal
